
Microsoft Visual Studio Solution File, Format Version 12.00
# Visual Studio Version 17
VisualStudioVersion = 17.7.34031.279
MinimumVisualStudioVersion = 10.0.40219.1
Project("{9A19103F-16F7-4668-BE54-9A1E7A4F7556}") = "PZ_01", "PZ_01\PZ_01.csproj", "{DD28A6B0-2806-4AC0-8CB6-4F9DB3BB6680}"
EndProject
Project("{9A19103F-16F7-4668-BE54-9A1E7A4F7556}") = "PZ_02", "PZ_02\PZ_02.csproj", "{E5126275-31CD-4F5A-AAA2-818B5E8E0DAF}"
EndProject
Project("{9A19103F-16F7-4668-BE54-9A1E7A4F7556}") = "PZ_03", "PZ_03\PZ_03.csproj", "{37C81D44-B4EE-4AFE-B0FD-9B01EA78E1AE}"
EndProject
Project("{9A19103F-16F7-4668-BE54-9A1E7A4F7556}") = "PZ_04", "PZ_04\PZ_04.csproj", "{379E7030-855F-4D9F-9F64-08EED9FB0AB1}"
EndProject
Project("{9A19103F-16F7-4668-BE54-9A1E7A4F7556}") = "PZ_05", "PZ_05\PZ_05.csproj", "{3FDC461B-4E07-4D14-B2BE-E78E38E63F11}"
EndProject
Project("{9A19103F-16F7-4668-BE54-9A1E7A4F7556}") = "PZ_06", "PZ_06\PZ_06.csproj", "{BAE9E26C-4EA5-49D4-9BEF-4C571F874DBE}"
EndProject
Project("{9A19103F-16F7-4668-BE54-9A1E7A4F7556}") = "PZ_07", "PZ_07\PZ_07.csproj", "{01EF6815-C023-4157-B684-F98AFA7BC122}"
EndProject
Project("{9A19103F-16F7-4668-BE54-9A1E7A4F7556}") = "PZ_08", "PZ_08\PZ_08.csproj", "{9188979A-DB1B-4715-9878-07302BD73A7B}"
EndProject
Project("{9A19103F-16F7-4668-BE54-9A1E7A4F7556}") = "PZ_09", "PZ_09\PZ_09.csproj", "{D703A713-C88E-4A00-80DC-D806D1B3F108}"
EndProject
Project("{9A19103F-16F7-4668-BE54-9A1E7A4F7556}") = "PZ_10", "PZ_10\PZ_10.csproj", "{3E41B1D0-BB33-4506-A660-B7B3D20E80CA}"
EndProject
Project("{9A19103F-16F7-4668-BE54-9A1E7A4F7556}") = "PZ_11", "PZ_11\PZ_11.csproj", "{C3B67140-7826-4D58-9C65-8F9CAB9CECEF}"
EndProject
Project("{9A19103F-16F7-4668-BE54-9A1E7A4F7556}") = "PZ_12", "PZ_12\PZ_12.csproj", "{C8893B68-FC3F-42DB-B28D-1ECB95750955}"
EndProject
Project("{9A19103F-16F7-4668-BE54-9A1E7A4F7556}") = "PZ_13", "PZ_13\PZ_13.csproj", "{E7361691-67BA-47EB-BA64-244C23ABA6CB}"
EndProject
Project("{9A19103F-16F7-4668-BE54-9A1E7A4F7556}") = "PZ_14", "PZ_14\PZ_14.csproj", "{C4F81178-DABF-493A-91DD-53C9D04A62C8}"
EndProject
Project("{9A19103F-16F7-4668-BE54-9A1E7A4F7556}") = "PZ_15", "PZ_15\PZ_15.csproj", "{71586BF2-F63E-4722-9246-B938EC573657}"
EndProject
Project("{9A19103F-16F7-4668-BE54-9A1E7A4F7556}") = "PZ_16", "PZ_16\PZ_16.csproj", "{57F400B4-45D6-412D-AB0F-54A054698DBA}"
EndProject
Project("{FAE04EC0-301F-11D3-BF4B-00C04F79EFBC}") = "PZ_18", "PZ_18\PZ_18.csproj", "{1D39B1A0-4C2E-4C5C-B059-286E728348BA}"
EndProject
Global
	GlobalSection(SolutionConfigurationPlatforms) = preSolution
		Debug|Any CPU = Debug|Any CPU
		Release|Any CPU = Release|Any CPU
	EndGlobalSection
	GlobalSection(ProjectConfigurationPlatforms) = postSolution
		{DD28A6B0-2806-4AC0-8CB6-4F9DB3BB6680}.Debug|Any CPU.ActiveCfg = Debug|Any CPU
		{DD28A6B0-2806-4AC0-8CB6-4F9DB3BB6680}.Debug|Any CPU.Build.0 = Debug|Any CPU
		{DD28A6B0-2806-4AC0-8CB6-4F9DB3BB6680}.Release|Any CPU.ActiveCfg = Release|Any CPU
		{DD28A6B0-2806-4AC0-8CB6-4F9DB3BB6680}.Release|Any CPU.Build.0 = Release|Any CPU
		{E5126275-31CD-4F5A-AAA2-818B5E8E0DAF}.Debug|Any CPU.ActiveCfg = Debug|Any CPU
		{E5126275-31CD-4F5A-AAA2-818B5E8E0DAF}.Debug|Any CPU.Build.0 = Debug|Any CPU
		{E5126275-31CD-4F5A-AAA2-818B5E8E0DAF}.Release|Any CPU.ActiveCfg = Release|Any CPU
		{E5126275-31CD-4F5A-AAA2-818B5E8E0DAF}.Release|Any CPU.Build.0 = Release|Any CPU
		{37C81D44-B4EE-4AFE-B0FD-9B01EA78E1AE}.Debug|Any CPU.ActiveCfg = Debug|Any CPU
		{37C81D44-B4EE-4AFE-B0FD-9B01EA78E1AE}.Debug|Any CPU.Build.0 = Debug|Any CPU
		{37C81D44-B4EE-4AFE-B0FD-9B01EA78E1AE}.Release|Any CPU.ActiveCfg = Release|Any CPU
		{37C81D44-B4EE-4AFE-B0FD-9B01EA78E1AE}.Release|Any CPU.Build.0 = Release|Any CPU
		{379E7030-855F-4D9F-9F64-08EED9FB0AB1}.Debug|Any CPU.ActiveCfg = Debug|Any CPU
		{379E7030-855F-4D9F-9F64-08EED9FB0AB1}.Debug|Any CPU.Build.0 = Debug|Any CPU
		{379E7030-855F-4D9F-9F64-08EED9FB0AB1}.Release|Any CPU.ActiveCfg = Release|Any CPU
		{379E7030-855F-4D9F-9F64-08EED9FB0AB1}.Release|Any CPU.Build.0 = Release|Any CPU
		{3FDC461B-4E07-4D14-B2BE-E78E38E63F11}.Debug|Any CPU.ActiveCfg = Debug|Any CPU
		{3FDC461B-4E07-4D14-B2BE-E78E38E63F11}.Debug|Any CPU.Build.0 = Debug|Any CPU
		{3FDC461B-4E07-4D14-B2BE-E78E38E63F11}.Release|Any CPU.ActiveCfg = Release|Any CPU
		{3FDC461B-4E07-4D14-B2BE-E78E38E63F11}.Release|Any CPU.Build.0 = Release|Any CPU
		{BAE9E26C-4EA5-49D4-9BEF-4C571F874DBE}.Debug|Any CPU.ActiveCfg = Debug|Any CPU
		{BAE9E26C-4EA5-49D4-9BEF-4C571F874DBE}.Debug|Any CPU.Build.0 = Debug|Any CPU
		{BAE9E26C-4EA5-49D4-9BEF-4C571F874DBE}.Release|Any CPU.ActiveCfg = Release|Any CPU
		{BAE9E26C-4EA5-49D4-9BEF-4C571F874DBE}.Release|Any CPU.Build.0 = Release|Any CPU
		{01EF6815-C023-4157-B684-F98AFA7BC122}.Debug|Any CPU.ActiveCfg = Debug|Any CPU
		{01EF6815-C023-4157-B684-F98AFA7BC122}.Debug|Any CPU.Build.0 = Debug|Any CPU
		{01EF6815-C023-4157-B684-F98AFA7BC122}.Release|Any CPU.ActiveCfg = Release|Any CPU
		{01EF6815-C023-4157-B684-F98AFA7BC122}.Release|Any CPU.Build.0 = Release|Any CPU
		{9188979A-DB1B-4715-9878-07302BD73A7B}.Debug|Any CPU.ActiveCfg = Debug|Any CPU
		{9188979A-DB1B-4715-9878-07302BD73A7B}.Debug|Any CPU.Build.0 = Debug|Any CPU
		{9188979A-DB1B-4715-9878-07302BD73A7B}.Release|Any CPU.ActiveCfg = Release|Any CPU
		{9188979A-DB1B-4715-9878-07302BD73A7B}.Release|Any CPU.Build.0 = Release|Any CPU
		{D703A713-C88E-4A00-80DC-D806D1B3F108}.Debug|Any CPU.ActiveCfg = Debug|Any CPU
		{D703A713-C88E-4A00-80DC-D806D1B3F108}.Debug|Any CPU.Build.0 = Debug|Any CPU
		{D703A713-C88E-4A00-80DC-D806D1B3F108}.Release|Any CPU.ActiveCfg = Release|Any CPU
		{D703A713-C88E-4A00-80DC-D806D1B3F108}.Release|Any CPU.Build.0 = Release|Any CPU
		{3E41B1D0-BB33-4506-A660-B7B3D20E80CA}.Debug|Any CPU.ActiveCfg = Debug|Any CPU
		{3E41B1D0-BB33-4506-A660-B7B3D20E80CA}.Debug|Any CPU.Build.0 = Debug|Any CPU
		{3E41B1D0-BB33-4506-A660-B7B3D20E80CA}.Release|Any CPU.ActiveCfg = Release|Any CPU
		{3E41B1D0-BB33-4506-A660-B7B3D20E80CA}.Release|Any CPU.Build.0 = Release|Any CPU
		{C3B67140-7826-4D58-9C65-8F9CAB9CECEF}.Debug|Any CPU.ActiveCfg = Debug|Any CPU
		{C3B67140-7826-4D58-9C65-8F9CAB9CECEF}.Debug|Any CPU.Build.0 = Debug|Any CPU
		{C3B67140-7826-4D58-9C65-8F9CAB9CECEF}.Release|Any CPU.ActiveCfg = Release|Any CPU
		{C3B67140-7826-4D58-9C65-8F9CAB9CECEF}.Release|Any CPU.Build.0 = Release|Any CPU
		{C8893B68-FC3F-42DB-B28D-1ECB95750955}.Debug|Any CPU.ActiveCfg = Debug|Any CPU
		{C8893B68-FC3F-42DB-B28D-1ECB95750955}.Debug|Any CPU.Build.0 = Debug|Any CPU
		{C8893B68-FC3F-42DB-B28D-1ECB95750955}.Release|Any CPU.ActiveCfg = Release|Any CPU
		{C8893B68-FC3F-42DB-B28D-1ECB95750955}.Release|Any CPU.Build.0 = Release|Any CPU
		{E7361691-67BA-47EB-BA64-244C23ABA6CB}.Debug|Any CPU.ActiveCfg = Debug|Any CPU
		{E7361691-67BA-47EB-BA64-244C23ABA6CB}.Debug|Any CPU.Build.0 = Debug|Any CPU
		{E7361691-67BA-47EB-BA64-244C23ABA6CB}.Release|Any CPU.ActiveCfg = Release|Any CPU
		{E7361691-67BA-47EB-BA64-244C23ABA6CB}.Release|Any CPU.Build.0 = Release|Any CPU
		{C4F81178-DABF-493A-91DD-53C9D04A62C8}.Debug|Any CPU.ActiveCfg = Debug|Any CPU
		{C4F81178-DABF-493A-91DD-53C9D04A62C8}.Debug|Any CPU.Build.0 = Debug|Any CPU
		{C4F81178-DABF-493A-91DD-53C9D04A62C8}.Release|Any CPU.ActiveCfg = Release|Any CPU
		{C4F81178-DABF-493A-91DD-53C9D04A62C8}.Release|Any CPU.Build.0 = Release|Any CPU
		{71586BF2-F63E-4722-9246-B938EC573657}.Debug|Any CPU.ActiveCfg = Debug|Any CPU
		{71586BF2-F63E-4722-9246-B938EC573657}.Debug|Any CPU.Build.0 = Debug|Any CPU
		{71586BF2-F63E-4722-9246-B938EC573657}.Release|Any CPU.ActiveCfg = Release|Any CPU
		{71586BF2-F63E-4722-9246-B938EC573657}.Release|Any CPU.Build.0 = Release|Any CPU
		{57F400B4-45D6-412D-AB0F-54A054698DBA}.Debug|Any CPU.ActiveCfg = Debug|Any CPU
		{57F400B4-45D6-412D-AB0F-54A054698DBA}.Debug|Any CPU.Build.0 = Debug|Any CPU
		{57F400B4-45D6-412D-AB0F-54A054698DBA}.Release|Any CPU.ActiveCfg = Release|Any CPU
		{57F400B4-45D6-412D-AB0F-54A054698DBA}.Release|Any CPU.Build.0 = Release|Any CPU
		{1D39B1A0-4C2E-4C5C-B059-286E728348BA}.Debug|Any CPU.ActiveCfg = Debug|Any CPU
		{1D39B1A0-4C2E-4C5C-B059-286E728348BA}.Debug|Any CPU.Build.0 = Debug|Any CPU
		{1D39B1A0-4C2E-4C5C-B059-286E728348BA}.Release|Any CPU.ActiveCfg = Release|Any CPU
		{1D39B1A0-4C2E-4C5C-B059-286E728348BA}.Release|Any CPU.Build.0 = Release|Any CPU
	EndGlobalSection
	GlobalSection(SolutionProperties) = preSolution
		HideSolutionNode = FALSE
	EndGlobalSection
	GlobalSection(ExtensibilityGlobals) = postSolution
		SolutionGuid = {9AAFD7C9-E4F8-480A-9EA0-091AC7162A74}
	EndGlobalSection
EndGlobal
